
Microsoft Visual Studio Solution File, Format Version 12.00
# Visual Studio Version 16
VisualStudioVersion = 16.0.29709.97
MinimumVisualStudioVersion = 10.0.40219.1
Project("{9A19103F-16F7-4668-BE54-9A1E7A4F7556}") = "SMS.DAL", "SMS.DAL\SMS.DAL.csproj", "{2C7DFF88-FFF6-4704-A0F4-E08ACF88A1C0}"
EndProject
Project("{9A19103F-16F7-4668-BE54-9A1E7A4F7556}") = "SMS.BL", "SMS.BL\SMS.BL.csproj", "{05AA7FBF-0295-4776-8BC5-4498C683044B}"
EndProject
Project("{9A19103F-16F7-4668-BE54-9A1E7A4F7556}") = "SMS.Core", "SMS.Core\SMS.Core.csproj", "{332F3CCF-FC52-415E-B5C2-F8D9695E5188}"
EndProject
Project("{9A19103F-16F7-4668-BE54-9A1E7A4F7556}") = "SMS.Globalizaiton", "SMS.Globalizaiton\SMS.Globalizaiton.csproj", "{B786ECBA-3B32-4622-938D-093A1C63D4DA}"
EndProject
Project("{2150E333-8FDC-42A3-9474-1A3956D46DE8}") = "Core", "Core", "{46539060-A607-476A-B54D-43D7F5049BF8}"
EndProject
Project("{9A19103F-16F7-4668-BE54-9A1E7A4F7556}") = "SMS.Core.Web", "SMS.Core.Web\SMS.Core.Web.csproj", "{A06E228B-850F-453D-BEBC-5B314841A26E}"
EndProject
Project("{9A19103F-16F7-4668-BE54-9A1E7A4F7556}") = "SMS.Mvc", "SMS.Mvc\SMS.Mvc.csproj", "{1C7445B8-FF01-43CB-A7FA-6CC957DE70C8}"
EndProject
Project("{2150E333-8FDC-42A3-9474-1A3956D46DE8}") = "Tests", "Tests", "{BE8556CA-EAE7-47B4-AFDC-58B8B7C20996}"
EndProject
Project("{9A19103F-16F7-4668-BE54-9A1E7A4F7556}") = "SMS.Tests.BL", "SMS.Tests.BL\SMS.Tests.BL.csproj", "{2F538607-BA6A-40DB-A14C-B71AA7D806B1}"
EndProject
Project("{9A19103F-16F7-4668-BE54-9A1E7A4F7556}") = "SMS.Tests.DAL", "SMS.Tests.DAL\SMS.Tests.DAL.csproj", "{2C2015B7-EED6-4A0F-B593-13E63905AEF4}"
EndProject
Project("{9A19103F-16F7-4668-BE54-9A1E7A4F7556}") = "SMS.Tests.Mvc", "SMS.Tests.Mvc\SMS.Tests.Mvc.csproj", "{83AFD88B-5F79-41D5-B7BE-95014D910273}"
EndProject
Project("{9A19103F-16F7-4668-BE54-9A1E7A4F7556}") = "SMS.Tests.BDD", "SMS.Tests.BDD\SMS.Tests.BDD.csproj", "{0617A08C-E9C3-4909-829C-0647470CAA7F}"
EndProject
Global
	GlobalSection(SolutionConfigurationPlatforms) = preSolution
		Debug|Any CPU = Debug|Any CPU
		Debug|iPhone = Debug|iPhone
		Debug|iPhoneSimulator = Debug|iPhoneSimulator
		Release|Any CPU = Release|Any CPU
		Release|iPhone = Release|iPhone
		Release|iPhoneSimulator = Release|iPhoneSimulator
	EndGlobalSection
	GlobalSection(ProjectConfigurationPlatforms) = postSolution
		{2C7DFF88-FFF6-4704-A0F4-E08ACF88A1C0}.Debug|Any CPU.ActiveCfg = Debug|Any CPU
		{2C7DFF88-FFF6-4704-A0F4-E08ACF88A1C0}.Debug|Any CPU.Build.0 = Debug|Any CPU
		{2C7DFF88-FFF6-4704-A0F4-E08ACF88A1C0}.Debug|iPhone.ActiveCfg = Debug|Any CPU
		{2C7DFF88-FFF6-4704-A0F4-E08ACF88A1C0}.Debug|iPhone.Build.0 = Debug|Any CPU
		{2C7DFF88-FFF6-4704-A0F4-E08ACF88A1C0}.Debug|iPhoneSimulator.ActiveCfg = Debug|Any CPU
		{2C7DFF88-FFF6-4704-A0F4-E08ACF88A1C0}.Debug|iPhoneSimulator.Build.0 = Debug|Any CPU
		{2C7DFF88-FFF6-4704-A0F4-E08ACF88A1C0}.Release|Any CPU.ActiveCfg = Release|Any CPU
		{2C7DFF88-FFF6-4704-A0F4-E08ACF88A1C0}.Release|Any CPU.Build.0 = Release|Any CPU
		{2C7DFF88-FFF6-4704-A0F4-E08ACF88A1C0}.Release|iPhone.ActiveCfg = Release|Any CPU
		{2C7DFF88-FFF6-4704-A0F4-E08ACF88A1C0}.Release|iPhone.Build.0 = Release|Any CPU
		{2C7DFF88-FFF6-4704-A0F4-E08ACF88A1C0}.Release|iPhoneSimulator.ActiveCfg = Release|Any CPU
		{2C7DFF88-FFF6-4704-A0F4-E08ACF88A1C0}.Release|iPhoneSimulator.Build.0 = Release|Any CPU
		{05AA7FBF-0295-4776-8BC5-4498C683044B}.Debug|Any CPU.ActiveCfg = Debug|Any CPU
		{05AA7FBF-0295-4776-8BC5-4498C683044B}.Debug|Any CPU.Build.0 = Debug|Any CPU
		{05AA7FBF-0295-4776-8BC5-4498C683044B}.Debug|iPhone.ActiveCfg = Debug|Any CPU
		{05AA7FBF-0295-4776-8BC5-4498C683044B}.Debug|iPhone.Build.0 = Debug|Any CPU
		{05AA7FBF-0295-4776-8BC5-4498C683044B}.Debug|iPhoneSimulator.ActiveCfg = Debug|Any CPU
		{05AA7FBF-0295-4776-8BC5-4498C683044B}.Debug|iPhoneSimulator.Build.0 = Debug|Any CPU
		{05AA7FBF-0295-4776-8BC5-4498C683044B}.Release|Any CPU.ActiveCfg = Release|Any CPU
		{05AA7FBF-0295-4776-8BC5-4498C683044B}.Release|Any CPU.Build.0 = Release|Any CPU
		{05AA7FBF-0295-4776-8BC5-4498C683044B}.Release|iPhone.ActiveCfg = Release|Any CPU
		{05AA7FBF-0295-4776-8BC5-4498C683044B}.Release|iPhone.Build.0 = Release|Any CPU
		{05AA7FBF-0295-4776-8BC5-4498C683044B}.Release|iPhoneSimulator.ActiveCfg = Release|Any CPU
		{05AA7FBF-0295-4776-8BC5-4498C683044B}.Release|iPhoneSimulator.Build.0 = Release|Any CPU
		{332F3CCF-FC52-415E-B5C2-F8D9695E5188}.Debug|Any CPU.ActiveCfg = Debug|Any CPU
		{332F3CCF-FC52-415E-B5C2-F8D9695E5188}.Debug|Any CPU.Build.0 = Debug|Any CPU
		{332F3CCF-FC52-415E-B5C2-F8D9695E5188}.Debug|iPhone.ActiveCfg = Debug|Any CPU
		{332F3CCF-FC52-415E-B5C2-F8D9695E5188}.Debug|iPhone.Build.0 = Debug|Any CPU
		{332F3CCF-FC52-415E-B5C2-F8D9695E5188}.Debug|iPhoneSimulator.ActiveCfg = Debug|Any CPU
		{332F3CCF-FC52-415E-B5C2-F8D9695E5188}.Debug|iPhoneSimulator.Build.0 = Debug|Any CPU
		{332F3CCF-FC52-415E-B5C2-F8D9695E5188}.Release|Any CPU.ActiveCfg = Release|Any CPU
		{332F3CCF-FC52-415E-B5C2-F8D9695E5188}.Release|Any CPU.Build.0 = Release|Any CPU
		{332F3CCF-FC52-415E-B5C2-F8D9695E5188}.Release|iPhone.ActiveCfg = Release|Any CPU
		{332F3CCF-FC52-415E-B5C2-F8D9695E5188}.Release|iPhone.Build.0 = Release|Any CPU
		{332F3CCF-FC52-415E-B5C2-F8D9695E5188}.Release|iPhoneSimulator.ActiveCfg = Release|Any CPU
		{332F3CCF-FC52-415E-B5C2-F8D9695E5188}.Release|iPhoneSimulator.Build.0 = Release|Any CPU
		{B786ECBA-3B32-4622-938D-093A1C63D4DA}.Debug|Any CPU.ActiveCfg = Debug|Any CPU
		{B786ECBA-3B32-4622-938D-093A1C63D4DA}.Debug|Any CPU.Build.0 = Debug|Any CPU
		{B786ECBA-3B32-4622-938D-093A1C63D4DA}.Debug|iPhone.ActiveCfg = Debug|Any CPU
		{B786ECBA-3B32-4622-938D-093A1C63D4DA}.Debug|iPhone.Build.0 = Debug|Any CPU
		{B786ECBA-3B32-4622-938D-093A1C63D4DA}.Debug|iPhoneSimulator.ActiveCfg = Debug|Any CPU
		{B786ECBA-3B32-4622-938D-093A1C63D4DA}.Debug|iPhoneSimulator.Build.0 = Debug|Any CPU
		{B786ECBA-3B32-4622-938D-093A1C63D4DA}.Release|Any CPU.ActiveCfg = Release|Any CPU
		{B786ECBA-3B32-4622-938D-093A1C63D4DA}.Release|Any CPU.Build.0 = Release|Any CPU
		{B786ECBA-3B32-4622-938D-093A1C63D4DA}.Release|iPhone.ActiveCfg = Release|Any CPU
		{B786ECBA-3B32-4622-938D-093A1C63D4DA}.Release|iPhone.Build.0 = Release|Any CPU
		{B786ECBA-3B32-4622-938D-093A1C63D4DA}.Release|iPhoneSimulator.ActiveCfg = Release|Any CPU
		{B786ECBA-3B32-4622-938D-093A1C63D4DA}.Release|iPhoneSimulator.Build.0 = Release|Any CPU
		{A06E228B-850F-453D-BEBC-5B314841A26E}.Debug|Any CPU.ActiveCfg = Debug|Any CPU
		{A06E228B-850F-453D-BEBC-5B314841A26E}.Debug|Any CPU.Build.0 = Debug|Any CPU
		{A06E228B-850F-453D-BEBC-5B314841A26E}.Debug|iPhone.ActiveCfg = Debug|Any CPU
		{A06E228B-850F-453D-BEBC-5B314841A26E}.Debug|iPhone.Build.0 = Debug|Any CPU
		{A06E228B-850F-453D-BEBC-5B314841A26E}.Debug|iPhoneSimulator.ActiveCfg = Debug|Any CPU
		{A06E228B-850F-453D-BEBC-5B314841A26E}.Debug|iPhoneSimulator.Build.0 = Debug|Any CPU
		{A06E228B-850F-453D-BEBC-5B314841A26E}.Release|Any CPU.ActiveCfg = Release|Any CPU
		{A06E228B-850F-453D-BEBC-5B314841A26E}.Release|Any CPU.Build.0 = Release|Any CPU
		{A06E228B-850F-453D-BEBC-5B314841A26E}.Release|iPhone.ActiveCfg = Release|Any CPU
		{A06E228B-850F-453D-BEBC-5B314841A26E}.Release|iPhone.Build.0 = Release|Any CPU
		{A06E228B-850F-453D-BEBC-5B314841A26E}.Release|iPhoneSimulator.ActiveCfg = Release|Any CPU
		{A06E228B-850F-453D-BEBC-5B314841A26E}.Release|iPhoneSimulator.Build.0 = Release|Any CPU
		{1C7445B8-FF01-43CB-A7FA-6CC957DE70C8}.Debug|Any CPU.ActiveCfg = Debug|Any CPU
		{1C7445B8-FF01-43CB-A7FA-6CC957DE70C8}.Debug|Any CPU.Build.0 = Debug|Any CPU
		{1C7445B8-FF01-43CB-A7FA-6CC957DE70C8}.Debug|iPhone.ActiveCfg = Debug|Any CPU
		{1C7445B8-FF01-43CB-A7FA-6CC957DE70C8}.Debug|iPhone.Build.0 = Debug|Any CPU
		{1C7445B8-FF01-43CB-A7FA-6CC957DE70C8}.Debug|iPhoneSimulator.ActiveCfg = Debug|Any CPU
		{1C7445B8-FF01-43CB-A7FA-6CC957DE70C8}.Debug|iPhoneSimulator.Build.0 = Debug|Any CPU
		{1C7445B8-FF01-43CB-A7FA-6CC957DE70C8}.Release|Any CPU.ActiveCfg = Release|Any CPU
		{1C7445B8-FF01-43CB-A7FA-6CC957DE70C8}.Release|Any CPU.Build.0 = Release|Any CPU
		{1C7445B8-FF01-43CB-A7FA-6CC957DE70C8}.Release|iPhone.ActiveCfg = Release|Any CPU
		{1C7445B8-FF01-43CB-A7FA-6CC957DE70C8}.Release|iPhone.Build.0 = Release|Any CPU
		{1C7445B8-FF01-43CB-A7FA-6CC957DE70C8}.Release|iPhoneSimulator.ActiveCfg = Release|Any CPU
		{1C7445B8-FF01-43CB-A7FA-6CC957DE70C8}.Release|iPhoneSimulator.Build.0 = Release|Any CPU
		{2F538607-BA6A-40DB-A14C-B71AA7D806B1}.Debug|Any CPU.ActiveCfg = Debug|Any CPU
		{2F538607-BA6A-40DB-A14C-B71AA7D806B1}.Debug|Any CPU.Build.0 = Debug|Any CPU
		{2F538607-BA6A-40DB-A14C-B71AA7D806B1}.Debug|iPhone.ActiveCfg = Debug|Any CPU
		{2F538607-BA6A-40DB-A14C-B71AA7D806B1}.Debug|iPhone.Build.0 = Debug|Any CPU
		{2F538607-BA6A-40DB-A14C-B71AA7D806B1}.Debug|iPhoneSimulator.ActiveCfg = Debug|Any CPU
		{2F538607-BA6A-40DB-A14C-B71AA7D806B1}.Debug|iPhoneSimulator.Build.0 = Debug|Any CPU
		{2F538607-BA6A-40DB-A14C-B71AA7D806B1}.Release|Any CPU.ActiveCfg = Release|Any CPU
		{2F538607-BA6A-40DB-A14C-B71AA7D806B1}.Release|Any CPU.Build.0 = Release|Any CPU
		{2F538607-BA6A-40DB-A14C-B71AA7D806B1}.Release|iPhone.ActiveCfg = Release|Any CPU
		{2F538607-BA6A-40DB-A14C-B71AA7D806B1}.Release|iPhone.Build.0 = Release|Any CPU
		{2F538607-BA6A-40DB-A14C-B71AA7D806B1}.Release|iPhoneSimulator.ActiveCfg = Release|Any CPU
		{2F538607-BA6A-40DB-A14C-B71AA7D806B1}.Release|iPhoneSimulator.Build.0 = Release|Any CPU
		{2C2015B7-EED6-4A0F-B593-13E63905AEF4}.Debug|Any CPU.ActiveCfg = Debug|Any CPU
		{2C2015B7-EED6-4A0F-B593-13E63905AEF4}.Debug|Any CPU.Build.0 = Debug|Any CPU
		{2C2015B7-EED6-4A0F-B593-13E63905AEF4}.Debug|iPhone.ActiveCfg = Debug|Any CPU
		{2C2015B7-EED6-4A0F-B593-13E63905AEF4}.Debug|iPhone.Build.0 = Debug|Any CPU
		{2C2015B7-EED6-4A0F-B593-13E63905AEF4}.Debug|iPhoneSimulator.ActiveCfg = Debug|Any CPU
		{2C2015B7-EED6-4A0F-B593-13E63905AEF4}.Debug|iPhoneSimulator.Build.0 = Debug|Any CPU
		{2C2015B7-EED6-4A0F-B593-13E63905AEF4}.Release|Any CPU.ActiveCfg = Release|Any CPU
		{2C2015B7-EED6-4A0F-B593-13E63905AEF4}.Release|Any CPU.Build.0 = Release|Any CPU
		{2C2015B7-EED6-4A0F-B593-13E63905AEF4}.Release|iPhone.ActiveCfg = Release|Any CPU
		{2C2015B7-EED6-4A0F-B593-13E63905AEF4}.Release|iPhone.Build.0 = Release|Any CPU
		{2C2015B7-EED6-4A0F-B593-13E63905AEF4}.Release|iPhoneSimulator.ActiveCfg = Release|Any CPU
		{2C2015B7-EED6-4A0F-B593-13E63905AEF4}.Release|iPhoneSimulator.Build.0 = Release|Any CPU
		{83AFD88B-5F79-41D5-B7BE-95014D910273}.Debug|Any CPU.ActiveCfg = Debug|Any CPU
		{83AFD88B-5F79-41D5-B7BE-95014D910273}.Debug|Any CPU.Build.0 = Debug|Any CPU
		{83AFD88B-5F79-41D5-B7BE-95014D910273}.Debug|iPhone.ActiveCfg = Debug|Any CPU
		{83AFD88B-5F79-41D5-B7BE-95014D910273}.Debug|iPhone.Build.0 = Debug|Any CPU
		{83AFD88B-5F79-41D5-B7BE-95014D910273}.Debug|iPhoneSimulator.ActiveCfg = Debug|Any CPU
		{83AFD88B-5F79-41D5-B7BE-95014D910273}.Debug|iPhoneSimulator.Build.0 = Debug|Any CPU
		{83AFD88B-5F79-41D5-B7BE-95014D910273}.Release|Any CPU.ActiveCfg = Release|Any CPU
		{83AFD88B-5F79-41D5-B7BE-95014D910273}.Release|Any CPU.Build.0 = Release|Any CPU
		{83AFD88B-5F79-41D5-B7BE-95014D910273}.Release|iPhone.ActiveCfg = Release|Any CPU
		{83AFD88B-5F79-41D5-B7BE-95014D910273}.Release|iPhone.Build.0 = Release|Any CPU
		{83AFD88B-5F79-41D5-B7BE-95014D910273}.Release|iPhoneSimulator.ActiveCfg = Release|Any CPU
		{83AFD88B-5F79-41D5-B7BE-95014D910273}.Release|iPhoneSimulator.Build.0 = Release|Any CPU
		{0617A08C-E9C3-4909-829C-0647470CAA7F}.Debug|Any CPU.ActiveCfg = Debug|Any CPU
		{0617A08C-E9C3-4909-829C-0647470CAA7F}.Debug|Any CPU.Build.0 = Debug|Any CPU
		{0617A08C-E9C3-4909-829C-0647470CAA7F}.Debug|iPhone.ActiveCfg = Debug|Any CPU
		{0617A08C-E9C3-4909-829C-0647470CAA7F}.Debug|iPhone.Build.0 = Debug|Any CPU
		{0617A08C-E9C3-4909-829C-0647470CAA7F}.Debug|iPhoneSimulator.ActiveCfg = Debug|Any CPU
		{0617A08C-E9C3-4909-829C-0647470CAA7F}.Debug|iPhoneSimulator.Build.0 = Debug|Any CPU
		{0617A08C-E9C3-4909-829C-0647470CAA7F}.Release|Any CPU.ActiveCfg = Release|Any CPU
		{0617A08C-E9C3-4909-829C-0647470CAA7F}.Release|Any CPU.Build.0 = Release|Any CPU
		{0617A08C-E9C3-4909-829C-0647470CAA7F}.Release|iPhone.ActiveCfg = Release|Any CPU
		{0617A08C-E9C3-4909-829C-0647470CAA7F}.Release|iPhone.Build.0 = Release|Any CPU
		{0617A08C-E9C3-4909-829C-0647470CAA7F}.Release|iPhoneSimulator.ActiveCfg = Release|Any CPU
		{0617A08C-E9C3-4909-829C-0647470CAA7F}.Release|iPhoneSimulator.Build.0 = Release|Any CPU
	EndGlobalSection
	GlobalSection(SolutionProperties) = preSolution
		HideSolutionNode = FALSE
	EndGlobalSection
	GlobalSection(NestedProjects) = preSolution
		{332F3CCF-FC52-415E-B5C2-F8D9695E5188} = {46539060-A607-476A-B54D-43D7F5049BF8}
		{A06E228B-850F-453D-BEBC-5B314841A26E} = {46539060-A607-476A-B54D-43D7F5049BF8}
		{2F538607-BA6A-40DB-A14C-B71AA7D806B1} = {BE8556CA-EAE7-47B4-AFDC-58B8B7C20996}
		{2C2015B7-EED6-4A0F-B593-13E63905AEF4} = {BE8556CA-EAE7-47B4-AFDC-58B8B7C20996}
		{83AFD88B-5F79-41D5-B7BE-95014D910273} = {BE8556CA-EAE7-47B4-AFDC-58B8B7C20996}
		{0617A08C-E9C3-4909-829C-0647470CAA7F} = {BE8556CA-EAE7-47B4-AFDC-58B8B7C20996}
	EndGlobalSection
	GlobalSection(ExtensibilityGlobals) = postSolution
		SolutionGuid = {D98912C3-EEEB-4B9A-85FC-EFB5A7B501A0}
	EndGlobalSection
EndGlobal
