
Microsoft Visual Studio Solution File, Format Version 12.00
# Visual Studio Version 16
VisualStudioVersion = 16.0.29709.97
MinimumVisualStudioVersion = 10.0.40219.1
Project("{9A19103F-16F7-4668-BE54-9A1E7A4F7556}") = "ConsoleAppXunit", "ConsoleAppXunit\ConsoleAppXunit.csproj", "{CAA02E8A-9903-4078-B66F-77D4241A0B09}"
EndProject
Project("{9A19103F-16F7-4668-BE54-9A1E7A4F7556}") = "BusinessLayer", "BusinessLayer\BusinessLayer.csproj", "{4244FF84-CDCA-4D7B-8F05-05E7A4CA4480}"
EndProject
Project("{9A19103F-16F7-4668-BE54-9A1E7A4F7556}") = "DataAccessLayer", "DataAccessLayer\DataAccessLayer.csproj", "{2E357FC1-EA30-44A2-A930-C0A3AD3DAC42}"
EndProject
Project("{FAE04EC0-301F-11D3-BF4B-00C04F79EFBC}") = "BusinessLayer.Tests", "BusinessLayer.Tests\BusinessLayer.Tests.csproj", "{B44D0C73-AAF0-4AC4-9C7D-2A9CF37F96D1}"
EndProject
Project("{FAE04EC0-301F-11D3-BF4B-00C04F79EFBC}") = "CoreLib", "CoreLib\CoreLib.csproj", "{42278AC2-7FDF-4117-A293-5BBDFFD684AD}"
EndProject
Global
	GlobalSection(SolutionConfigurationPlatforms) = preSolution
		Debug|Any CPU = Debug|Any CPU
		Release|Any CPU = Release|Any CPU
	EndGlobalSection
	GlobalSection(ProjectConfigurationPlatforms) = postSolution
		{CAA02E8A-9903-4078-B66F-77D4241A0B09}.Debug|Any CPU.ActiveCfg = Debug|Any CPU
		{CAA02E8A-9903-4078-B66F-77D4241A0B09}.Debug|Any CPU.Build.0 = Debug|Any CPU
		{CAA02E8A-9903-4078-B66F-77D4241A0B09}.Release|Any CPU.ActiveCfg = Release|Any CPU
		{CAA02E8A-9903-4078-B66F-77D4241A0B09}.Release|Any CPU.Build.0 = Release|Any CPU
		{4244FF84-CDCA-4D7B-8F05-05E7A4CA4480}.Debug|Any CPU.ActiveCfg = Debug|Any CPU
		{4244FF84-CDCA-4D7B-8F05-05E7A4CA4480}.Debug|Any CPU.Build.0 = Debug|Any CPU
		{4244FF84-CDCA-4D7B-8F05-05E7A4CA4480}.Release|Any CPU.ActiveCfg = Release|Any CPU
		{4244FF84-CDCA-4D7B-8F05-05E7A4CA4480}.Release|Any CPU.Build.0 = Release|Any CPU
		{2E357FC1-EA30-44A2-A930-C0A3AD3DAC42}.Debug|Any CPU.ActiveCfg = Debug|Any CPU
		{2E357FC1-EA30-44A2-A930-C0A3AD3DAC42}.Debug|Any CPU.Build.0 = Debug|Any CPU
		{2E357FC1-EA30-44A2-A930-C0A3AD3DAC42}.Release|Any CPU.ActiveCfg = Release|Any CPU
		{2E357FC1-EA30-44A2-A930-C0A3AD3DAC42}.Release|Any CPU.Build.0 = Release|Any CPU
		{B44D0C73-AAF0-4AC4-9C7D-2A9CF37F96D1}.Debug|Any CPU.ActiveCfg = Debug|Any CPU
		{B44D0C73-AAF0-4AC4-9C7D-2A9CF37F96D1}.Debug|Any CPU.Build.0 = Debug|Any CPU
		{B44D0C73-AAF0-4AC4-9C7D-2A9CF37F96D1}.Release|Any CPU.ActiveCfg = Release|Any CPU
		{B44D0C73-AAF0-4AC4-9C7D-2A9CF37F96D1}.Release|Any CPU.Build.0 = Release|Any CPU
		{42278AC2-7FDF-4117-A293-5BBDFFD684AD}.Debug|Any CPU.ActiveCfg = Debug|Any CPU
		{42278AC2-7FDF-4117-A293-5BBDFFD684AD}.Debug|Any CPU.Build.0 = Debug|Any CPU
		{42278AC2-7FDF-4117-A293-5BBDFFD684AD}.Release|Any CPU.ActiveCfg = Release|Any CPU
		{42278AC2-7FDF-4117-A293-5BBDFFD684AD}.Release|Any CPU.Build.0 = Release|Any CPU
	EndGlobalSection
	GlobalSection(SolutionProperties) = preSolution
		HideSolutionNode = FALSE
	EndGlobalSection
	GlobalSection(ExtensibilityGlobals) = postSolution
		SolutionGuid = {7A81AEC2-B1FD-43EB-8C17-356665E0FDC1}
	EndGlobalSection
EndGlobal
